
Microsoft Visual Studio Solution File, Format Version 12.00
# Visual Studio 15
VisualStudioVersion = 15.0.26730.10
MinimumVisualStudioVersion = 10.0.40219.1
Project("{FAE04EC0-301F-11D3-BF4B-00C04F79EFBC}") = "AppDevTest", "AppDevTest\AppDevTest.csproj", "{62D46C37-9182-4165-8703-708CFC591DA8}"
EndProject
Project("{FAE04EC0-301F-11D3-BF4B-00C04F79EFBC}") = "Interfaces", "Interfaces\Interfaces.csproj", "{E7FCB67C-5983-475C-AB96-EBD7834775DA}"
EndProject
Project("{FAE04EC0-301F-11D3-BF4B-00C04F79EFBC}") = "Parameters", "Parameters\Parameters.csproj", "{11F783FD-A5F2-4A46-82B6-2CAAA65BEEE9}"
EndProject
Project("{FAE04EC0-301F-11D3-BF4B-00C04F79EFBC}") = "Structures", "Structures\Structures.csproj", "{10CC0902-CCA5-4B12-A4FD-651D00A124F5}"
EndProject
Global
	GlobalSection(SolutionConfigurationPlatforms) = preSolution
		Debug|Any CPU = Debug|Any CPU
		Release|Any CPU = Release|Any CPU
	EndGlobalSection
	GlobalSection(ProjectConfigurationPlatforms) = postSolution
		{62D46C37-9182-4165-8703-708CFC591DA8}.Debug|Any CPU.ActiveCfg = Debug|Any CPU
		{62D46C37-9182-4165-8703-708CFC591DA8}.Debug|Any CPU.Build.0 = Debug|Any CPU
		{62D46C37-9182-4165-8703-708CFC591DA8}.Release|Any CPU.ActiveCfg = Release|Any CPU
		{62D46C37-9182-4165-8703-708CFC591DA8}.Release|Any CPU.Build.0 = Release|Any CPU
		{E7FCB67C-5983-475C-AB96-EBD7834775DA}.Debug|Any CPU.ActiveCfg = Debug|Any CPU
		{E7FCB67C-5983-475C-AB96-EBD7834775DA}.Debug|Any CPU.Build.0 = Debug|Any CPU
		{E7FCB67C-5983-475C-AB96-EBD7834775DA}.Release|Any CPU.ActiveCfg = Release|Any CPU
		{E7FCB67C-5983-475C-AB96-EBD7834775DA}.Release|Any CPU.Build.0 = Release|Any CPU
		{11F783FD-A5F2-4A46-82B6-2CAAA65BEEE9}.Debug|Any CPU.ActiveCfg = Debug|Any CPU
		{11F783FD-A5F2-4A46-82B6-2CAAA65BEEE9}.Debug|Any CPU.Build.0 = Debug|Any CPU
		{11F783FD-A5F2-4A46-82B6-2CAAA65BEEE9}.Release|Any CPU.ActiveCfg = Release|Any CPU
		{11F783FD-A5F2-4A46-82B6-2CAAA65BEEE9}.Release|Any CPU.Build.0 = Release|Any CPU
		{10CC0902-CCA5-4B12-A4FD-651D00A124F5}.Debug|Any CPU.ActiveCfg = Debug|Any CPU
		{10CC0902-CCA5-4B12-A4FD-651D00A124F5}.Debug|Any CPU.Build.0 = Debug|Any CPU
		{10CC0902-CCA5-4B12-A4FD-651D00A124F5}.Release|Any CPU.ActiveCfg = Release|Any CPU
		{10CC0902-CCA5-4B12-A4FD-651D00A124F5}.Release|Any CPU.Build.0 = Release|Any CPU
	EndGlobalSection
	GlobalSection(SolutionProperties) = preSolution
		HideSolutionNode = FALSE
	EndGlobalSection
	GlobalSection(ExtensibilityGlobals) = postSolution
		SolutionGuid = {D1064155-912D-4DEF-A403-1A70D0722C55}
	EndGlobalSection
EndGlobal
